
Microsoft Visual Studio Solution File, Format Version 12.00
# Visual Studio Version 16
VisualStudioVersion = 16.0.30320.27
MinimumVisualStudioVersion = 10.0.40219.1
Project("{FAE04EC0-301F-11D3-BF4B-00C04F79EFBC}") = "Lesson 3.1", "ITVDNHomeWork\Lesson 3.1.csproj", "{5D1C8652-1C90-4B05-BA2A-A62973BCD673}"
EndProject
Project("{FAE04EC0-301F-11D3-BF4B-00C04F79EFBC}") = "Lesson3.2", "Lesson3.2\Lesson3.2.csproj", "{40A8C56B-6C1E-42C7-AFC4-CB865E434B4F}"
EndProject
Project("{FAE04EC0-301F-11D3-BF4B-00C04F79EFBC}") = "Lesson3.3", "Lesson3.3\Lesson3.3.csproj", "{DC9239AF-9799-44FA-A28B-F1AA38532F6D}"
EndProject
Project("{FAE04EC0-301F-11D3-BF4B-00C04F79EFBC}") = "Lesson4.1", "Lesson4.1\Lesson4.1.csproj", "{B665742F-8137-4518-92B8-A48B6B4DDEEA}"
EndProject
Project("{FAE04EC0-301F-11D3-BF4B-00C04F79EFBC}") = "Lesson4.2 Interface", "Lesson4.2 Interface\Lesson4.2 Interface.csproj", "{13FD33B5-C929-4634-AE91-FD18C4EAF2FD}"
EndProject
Project("{FAE04EC0-301F-11D3-BF4B-00C04F79EFBC}") = "Lesson6.1", "Lesson6.1\Lesson6.1.csproj", "{A661BFDD-7A0C-4AB2-8EE1-22ACE53D4BE5}"
EndProject
Project("{FAE04EC0-301F-11D3-BF4B-00C04F79EFBC}") = "Lesson6.4", "Lesson6.4\Lesson6.4.csproj", "{731D26CE-C882-4EC8-B02F-279BA10609C3}"
EndProject
Project("{FAE04EC0-301F-11D3-BF4B-00C04F79EFBC}") = "Lesson7.1", "Lesson7.1\Lesson7.1.csproj", "{DB2154C3-01DA-4831-8C74-3C4D3CF8FFFA}"
EndProject
Project("{FAE04EC0-301F-11D3-BF4B-00C04F79EFBC}") = "Lesson7.2", "Lesson7.2\Lesson7.2.csproj", "{61344038-5894-49CC-B020-EE7CA666F172}"
EndProject
Project("{FAE04EC0-301F-11D3-BF4B-00C04F79EFBC}") = "Lesson7.3", "Lesson7.3\Lesson7.3.csproj", "{ED09AD10-F842-43C4-A0CA-8603152CD547}"
EndProject
Project("{FAE04EC0-301F-11D3-BF4B-00C04F79EFBC}") = "Lesson8.1", "Lesson8.1\Lesson8.1.csproj", "{FBBB982A-27AF-41E7-BBA0-E31400E933CD}"
EndProject
Project("{FAE04EC0-301F-11D3-BF4B-00C04F79EFBC}") = "Lesson8.2", "Lesson8.2\Lesson8.2.csproj", "{21A69EE2-2803-49F9-8E83-91B55C49C8FB}"
EndProject
Project("{FAE04EC0-301F-11D3-BF4B-00C04F79EFBC}") = "Lesson8.3", "Lesson8.3\Lesson8.3.csproj", "{F910B1BF-5F90-4D52-8169-77D45A382C76}"
EndProject
Project("{FAE04EC0-301F-11D3-BF4B-00C04F79EFBC}") = "Lesson9.2", "Lesson9.2\Lesson9.2.csproj", "{0DBBCD49-C349-4090-8633-1BFAEE564FDA}"
EndProject
Project("{FAE04EC0-301F-11D3-BF4B-00C04F79EFBC}") = "Lesson9.3", "Lesson9.3\Lesson9.3.csproj", "{EC4C8D1E-E237-442F-BA14-587982D890C5}"
EndProject
Project("{FAE04EC0-301F-11D3-BF4B-00C04F79EFBC}") = "Lesson9.1", "Lesson9.1\Lesson9.1.csproj", "{29F36B94-EC63-4560-8485-587FC5B2FBF5}"
EndProject
Project("{FAE04EC0-301F-11D3-BF4B-00C04F79EFBC}") = "Lesson10.1", "Lesson10.1\Lesson10.1.csproj", "{FBC45E84-20DD-427C-8779-F7D6FBF695B9}"
EndProject
Project("{FAE04EC0-301F-11D3-BF4B-00C04F79EFBC}") = "Lesson10.2", "Lesson10.2\Lesson10.2.csproj", "{22D18638-FA06-4AD1-986C-35780337C922}"
EndProject
Project("{FAE04EC0-301F-11D3-BF4B-00C04F79EFBC}") = "Lesson10.3", "Lesson10.3\Lesson10.3.csproj", "{2E01F78D-ED02-4031-9778-6BC0B1120EE4}"
EndProject
Global
	GlobalSection(SolutionConfigurationPlatforms) = preSolution
		Debug|Any CPU = Debug|Any CPU
		Release|Any CPU = Release|Any CPU
	EndGlobalSection
	GlobalSection(ProjectConfigurationPlatforms) = postSolution
		{5D1C8652-1C90-4B05-BA2A-A62973BCD673}.Debug|Any CPU.ActiveCfg = Debug|Any CPU
		{5D1C8652-1C90-4B05-BA2A-A62973BCD673}.Debug|Any CPU.Build.0 = Debug|Any CPU
		{5D1C8652-1C90-4B05-BA2A-A62973BCD673}.Release|Any CPU.ActiveCfg = Release|Any CPU
		{5D1C8652-1C90-4B05-BA2A-A62973BCD673}.Release|Any CPU.Build.0 = Release|Any CPU
		{40A8C56B-6C1E-42C7-AFC4-CB865E434B4F}.Debug|Any CPU.ActiveCfg = Debug|Any CPU
		{40A8C56B-6C1E-42C7-AFC4-CB865E434B4F}.Debug|Any CPU.Build.0 = Debug|Any CPU
		{40A8C56B-6C1E-42C7-AFC4-CB865E434B4F}.Release|Any CPU.ActiveCfg = Release|Any CPU
		{40A8C56B-6C1E-42C7-AFC4-CB865E434B4F}.Release|Any CPU.Build.0 = Release|Any CPU
		{DC9239AF-9799-44FA-A28B-F1AA38532F6D}.Debug|Any CPU.ActiveCfg = Debug|Any CPU
		{DC9239AF-9799-44FA-A28B-F1AA38532F6D}.Debug|Any CPU.Build.0 = Debug|Any CPU
		{DC9239AF-9799-44FA-A28B-F1AA38532F6D}.Release|Any CPU.ActiveCfg = Release|Any CPU
		{DC9239AF-9799-44FA-A28B-F1AA38532F6D}.Release|Any CPU.Build.0 = Release|Any CPU
		{B665742F-8137-4518-92B8-A48B6B4DDEEA}.Debug|Any CPU.ActiveCfg = Debug|Any CPU
		{B665742F-8137-4518-92B8-A48B6B4DDEEA}.Debug|Any CPU.Build.0 = Debug|Any CPU
		{B665742F-8137-4518-92B8-A48B6B4DDEEA}.Release|Any CPU.ActiveCfg = Release|Any CPU
		{B665742F-8137-4518-92B8-A48B6B4DDEEA}.Release|Any CPU.Build.0 = Release|Any CPU
		{13FD33B5-C929-4634-AE91-FD18C4EAF2FD}.Debug|Any CPU.ActiveCfg = Debug|Any CPU
		{13FD33B5-C929-4634-AE91-FD18C4EAF2FD}.Debug|Any CPU.Build.0 = Debug|Any CPU
		{13FD33B5-C929-4634-AE91-FD18C4EAF2FD}.Release|Any CPU.ActiveCfg = Release|Any CPU
		{13FD33B5-C929-4634-AE91-FD18C4EAF2FD}.Release|Any CPU.Build.0 = Release|Any CPU
		{A661BFDD-7A0C-4AB2-8EE1-22ACE53D4BE5}.Debug|Any CPU.ActiveCfg = Debug|Any CPU
		{A661BFDD-7A0C-4AB2-8EE1-22ACE53D4BE5}.Debug|Any CPU.Build.0 = Debug|Any CPU
		{A661BFDD-7A0C-4AB2-8EE1-22ACE53D4BE5}.Release|Any CPU.ActiveCfg = Release|Any CPU
		{A661BFDD-7A0C-4AB2-8EE1-22ACE53D4BE5}.Release|Any CPU.Build.0 = Release|Any CPU
		{731D26CE-C882-4EC8-B02F-279BA10609C3}.Debug|Any CPU.ActiveCfg = Debug|Any CPU
		{731D26CE-C882-4EC8-B02F-279BA10609C3}.Debug|Any CPU.Build.0 = Debug|Any CPU
		{731D26CE-C882-4EC8-B02F-279BA10609C3}.Release|Any CPU.ActiveCfg = Release|Any CPU
		{731D26CE-C882-4EC8-B02F-279BA10609C3}.Release|Any CPU.Build.0 = Release|Any CPU
		{DB2154C3-01DA-4831-8C74-3C4D3CF8FFFA}.Debug|Any CPU.ActiveCfg = Debug|Any CPU
		{DB2154C3-01DA-4831-8C74-3C4D3CF8FFFA}.Debug|Any CPU.Build.0 = Debug|Any CPU
		{DB2154C3-01DA-4831-8C74-3C4D3CF8FFFA}.Release|Any CPU.ActiveCfg = Release|Any CPU
		{DB2154C3-01DA-4831-8C74-3C4D3CF8FFFA}.Release|Any CPU.Build.0 = Release|Any CPU
		{61344038-5894-49CC-B020-EE7CA666F172}.Debug|Any CPU.ActiveCfg = Debug|Any CPU
		{61344038-5894-49CC-B020-EE7CA666F172}.Debug|Any CPU.Build.0 = Debug|Any CPU
		{61344038-5894-49CC-B020-EE7CA666F172}.Release|Any CPU.ActiveCfg = Release|Any CPU
		{61344038-5894-49CC-B020-EE7CA666F172}.Release|Any CPU.Build.0 = Release|Any CPU
		{ED09AD10-F842-43C4-A0CA-8603152CD547}.Debug|Any CPU.ActiveCfg = Debug|Any CPU
		{ED09AD10-F842-43C4-A0CA-8603152CD547}.Debug|Any CPU.Build.0 = Debug|Any CPU
		{ED09AD10-F842-43C4-A0CA-8603152CD547}.Release|Any CPU.ActiveCfg = Release|Any CPU
		{ED09AD10-F842-43C4-A0CA-8603152CD547}.Release|Any CPU.Build.0 = Release|Any CPU
		{FBBB982A-27AF-41E7-BBA0-E31400E933CD}.Debug|Any CPU.ActiveCfg = Debug|Any CPU
		{FBBB982A-27AF-41E7-BBA0-E31400E933CD}.Debug|Any CPU.Build.0 = Debug|Any CPU
		{FBBB982A-27AF-41E7-BBA0-E31400E933CD}.Release|Any CPU.ActiveCfg = Release|Any CPU
		{FBBB982A-27AF-41E7-BBA0-E31400E933CD}.Release|Any CPU.Build.0 = Release|Any CPU
		{21A69EE2-2803-49F9-8E83-91B55C49C8FB}.Debug|Any CPU.ActiveCfg = Debug|Any CPU
		{21A69EE2-2803-49F9-8E83-91B55C49C8FB}.Debug|Any CPU.Build.0 = Debug|Any CPU
		{21A69EE2-2803-49F9-8E83-91B55C49C8FB}.Release|Any CPU.ActiveCfg = Release|Any CPU
		{21A69EE2-2803-49F9-8E83-91B55C49C8FB}.Release|Any CPU.Build.0 = Release|Any CPU
		{F910B1BF-5F90-4D52-8169-77D45A382C76}.Debug|Any CPU.ActiveCfg = Debug|Any CPU
		{F910B1BF-5F90-4D52-8169-77D45A382C76}.Debug|Any CPU.Build.0 = Debug|Any CPU
		{F910B1BF-5F90-4D52-8169-77D45A382C76}.Release|Any CPU.ActiveCfg = Release|Any CPU
		{F910B1BF-5F90-4D52-8169-77D45A382C76}.Release|Any CPU.Build.0 = Release|Any CPU
		{0DBBCD49-C349-4090-8633-1BFAEE564FDA}.Debug|Any CPU.ActiveCfg = Debug|Any CPU
		{0DBBCD49-C349-4090-8633-1BFAEE564FDA}.Debug|Any CPU.Build.0 = Debug|Any CPU
		{0DBBCD49-C349-4090-8633-1BFAEE564FDA}.Release|Any CPU.ActiveCfg = Release|Any CPU
		{0DBBCD49-C349-4090-8633-1BFAEE564FDA}.Release|Any CPU.Build.0 = Release|Any CPU
		{EC4C8D1E-E237-442F-BA14-587982D890C5}.Debug|Any CPU.ActiveCfg = Debug|Any CPU
		{EC4C8D1E-E237-442F-BA14-587982D890C5}.Debug|Any CPU.Build.0 = Debug|Any CPU
		{EC4C8D1E-E237-442F-BA14-587982D890C5}.Release|Any CPU.ActiveCfg = Release|Any CPU
		{EC4C8D1E-E237-442F-BA14-587982D890C5}.Release|Any CPU.Build.0 = Release|Any CPU
		{29F36B94-EC63-4560-8485-587FC5B2FBF5}.Debug|Any CPU.ActiveCfg = Debug|Any CPU
		{29F36B94-EC63-4560-8485-587FC5B2FBF5}.Debug|Any CPU.Build.0 = Debug|Any CPU
		{29F36B94-EC63-4560-8485-587FC5B2FBF5}.Release|Any CPU.ActiveCfg = Release|Any CPU
		{29F36B94-EC63-4560-8485-587FC5B2FBF5}.Release|Any CPU.Build.0 = Release|Any CPU
		{FBC45E84-20DD-427C-8779-F7D6FBF695B9}.Debug|Any CPU.ActiveCfg = Debug|Any CPU
		{FBC45E84-20DD-427C-8779-F7D6FBF695B9}.Debug|Any CPU.Build.0 = Debug|Any CPU
		{FBC45E84-20DD-427C-8779-F7D6FBF695B9}.Release|Any CPU.ActiveCfg = Release|Any CPU
		{FBC45E84-20DD-427C-8779-F7D6FBF695B9}.Release|Any CPU.Build.0 = Release|Any CPU
		{22D18638-FA06-4AD1-986C-35780337C922}.Debug|Any CPU.ActiveCfg = Debug|Any CPU
		{22D18638-FA06-4AD1-986C-35780337C922}.Debug|Any CPU.Build.0 = Debug|Any CPU
		{22D18638-FA06-4AD1-986C-35780337C922}.Release|Any CPU.ActiveCfg = Release|Any CPU
		{22D18638-FA06-4AD1-986C-35780337C922}.Release|Any CPU.Build.0 = Release|Any CPU
		{2E01F78D-ED02-4031-9778-6BC0B1120EE4}.Debug|Any CPU.ActiveCfg = Debug|Any CPU
		{2E01F78D-ED02-4031-9778-6BC0B1120EE4}.Debug|Any CPU.Build.0 = Debug|Any CPU
		{2E01F78D-ED02-4031-9778-6BC0B1120EE4}.Release|Any CPU.ActiveCfg = Release|Any CPU
		{2E01F78D-ED02-4031-9778-6BC0B1120EE4}.Release|Any CPU.Build.0 = Release|Any CPU
	EndGlobalSection
	GlobalSection(SolutionProperties) = preSolution
		HideSolutionNode = FALSE
	EndGlobalSection
	GlobalSection(ExtensibilityGlobals) = postSolution
		SolutionGuid = {BCD579F9-7F2A-4482-A49A-2EF195D7F99E}
	EndGlobalSection
EndGlobal
